
Microsoft Visual Studio Solution File, Format Version 12.00
# Visual Studio Version 17
VisualStudioVersion = 17.8.34525.116
MinimumVisualStudioVersion = 10.0.40219.1
Project("{FAE04EC0-301F-11D3-BF4B-00C04F79EFBC}") = "ConsoleTabuada", "ConsoleTabuada\ConsoleTabuada.csproj", "{DD856DC4-35E8-405F-A863-65D2C25F40CF}"
EndProject
Global
	GlobalSection(SolutionConfigurationPlatforms) = preSolution
		Debug|Any CPU = Debug|Any CPU
		Release|Any CPU = Release|Any CPU
	EndGlobalSection
	GlobalSection(ProjectConfigurationPlatforms) = postSolution
		{DD856DC4-35E8-405F-A863-65D2C25F40CF}.Debug|Any CPU.ActiveCfg = Debug|Any CPU
		{DD856DC4-35E8-405F-A863-65D2C25F40CF}.Debug|Any CPU.Build.0 = Debug|Any CPU
		{DD856DC4-35E8-405F-A863-65D2C25F40CF}.Release|Any CPU.ActiveCfg = Release|Any CPU
		{DD856DC4-35E8-405F-A863-65D2C25F40CF}.Release|Any CPU.Build.0 = Release|Any CPU
	EndGlobalSection
	GlobalSection(SolutionProperties) = preSolution
		HideSolutionNode = FALSE
	EndGlobalSection
	GlobalSection(ExtensibilityGlobals) = postSolution
		SolutionGuid = {E02D6201-C776-402B-AB44-CED85E527B98}
	EndGlobalSection
EndGlobal
